
Microsoft Visual Studio Solution File, Format Version 12.00
# Visual Studio Version 16
VisualStudioVersion = 16.0.31112.23
MinimumVisualStudioVersion = 10.0.40219.1
Project("{FAE04EC0-301F-11D3-BF4B-00C04F79EFBC}") = "House", "House\House.csproj", "{9A50F147-9AB2-4433-B827-A6362816EF71}"
EndProject
Project("{FAE04EC0-301F-11D3-BF4B-00C04F79EFBC}") = "House.ApplicationServices", "House.ApplicationServices\House.ApplicationServices.csproj", "{A3B0C803-F2C5-463F-ABEA-9532ADF893F2}"
EndProject
Project("{FAE04EC0-301F-11D3-BF4B-00C04F79EFBC}") = "House.Core", "House.Core\House.Core.csproj", "{9A828BA6-79EA-4934-85BA-4DCF28B24EC5}"
EndProject
Project("{FAE04EC0-301F-11D3-BF4B-00C04F79EFBC}") = "House.Data", "House.Data\House.Data.csproj", "{F45AE106-0131-4FA5-B07A-0C3B9572BDC5}"
EndProject
Project("{FAE04EC0-301F-11D3-BF4B-00C04F79EFBC}") = "House.HouseTest", "House.HouseTest\House.HouseTest.csproj", "{BCE2EF6A-C441-41A6-A422-B7339B5079C7}"
EndProject
Global
	GlobalSection(SolutionConfigurationPlatforms) = preSolution
		Debug|Any CPU = Debug|Any CPU
		Release|Any CPU = Release|Any CPU
	EndGlobalSection
	GlobalSection(ProjectConfigurationPlatforms) = postSolution
		{9A50F147-9AB2-4433-B827-A6362816EF71}.Debug|Any CPU.ActiveCfg = Debug|Any CPU
		{9A50F147-9AB2-4433-B827-A6362816EF71}.Debug|Any CPU.Build.0 = Debug|Any CPU
		{9A50F147-9AB2-4433-B827-A6362816EF71}.Release|Any CPU.ActiveCfg = Release|Any CPU
		{9A50F147-9AB2-4433-B827-A6362816EF71}.Release|Any CPU.Build.0 = Release|Any CPU
		{A3B0C803-F2C5-463F-ABEA-9532ADF893F2}.Debug|Any CPU.ActiveCfg = Debug|Any CPU
		{A3B0C803-F2C5-463F-ABEA-9532ADF893F2}.Debug|Any CPU.Build.0 = Debug|Any CPU
		{A3B0C803-F2C5-463F-ABEA-9532ADF893F2}.Release|Any CPU.ActiveCfg = Release|Any CPU
		{A3B0C803-F2C5-463F-ABEA-9532ADF893F2}.Release|Any CPU.Build.0 = Release|Any CPU
		{9A828BA6-79EA-4934-85BA-4DCF28B24EC5}.Debug|Any CPU.ActiveCfg = Debug|Any CPU
		{9A828BA6-79EA-4934-85BA-4DCF28B24EC5}.Debug|Any CPU.Build.0 = Debug|Any CPU
		{9A828BA6-79EA-4934-85BA-4DCF28B24EC5}.Release|Any CPU.ActiveCfg = Release|Any CPU
		{9A828BA6-79EA-4934-85BA-4DCF28B24EC5}.Release|Any CPU.Build.0 = Release|Any CPU
		{F45AE106-0131-4FA5-B07A-0C3B9572BDC5}.Debug|Any CPU.ActiveCfg = Debug|Any CPU
		{F45AE106-0131-4FA5-B07A-0C3B9572BDC5}.Debug|Any CPU.Build.0 = Debug|Any CPU
		{F45AE106-0131-4FA5-B07A-0C3B9572BDC5}.Release|Any CPU.ActiveCfg = Release|Any CPU
		{F45AE106-0131-4FA5-B07A-0C3B9572BDC5}.Release|Any CPU.Build.0 = Release|Any CPU
		{BCE2EF6A-C441-41A6-A422-B7339B5079C7}.Debug|Any CPU.ActiveCfg = Debug|Any CPU
		{BCE2EF6A-C441-41A6-A422-B7339B5079C7}.Debug|Any CPU.Build.0 = Debug|Any CPU
		{BCE2EF6A-C441-41A6-A422-B7339B5079C7}.Release|Any CPU.ActiveCfg = Release|Any CPU
		{BCE2EF6A-C441-41A6-A422-B7339B5079C7}.Release|Any CPU.Build.0 = Release|Any CPU
	EndGlobalSection
	GlobalSection(SolutionProperties) = preSolution
		HideSolutionNode = FALSE
	EndGlobalSection
	GlobalSection(ExtensibilityGlobals) = postSolution
		SolutionGuid = {821352BE-E387-4380-BFE1-05D4A98BFE30}
	EndGlobalSection
EndGlobal
